
Microsoft Visual Studio Solution File, Format Version 12.00
# Visual Studio Version 17
VisualStudioVersion = 17.0.31903.59
MinimumVisualStudioVersion = 10.0.40219.1
Project("{FAE04EC0-301F-11D3-BF4B-00C04F79EFBC}") = "GlobalSQL", "GlobalSQL\GlobalSQL.csproj", "{92F964D7-B73B-4AD2-9168-2C80D451BAC8}"
EndProject
Global
	GlobalSection(SolutionConfigurationPlatforms) = preSolution
		Debug|Any CPU = Debug|Any CPU
		Release|Any CPU = Release|Any CPU
	EndGlobalSection
	GlobalSection(ProjectConfigurationPlatforms) = postSolution
		{92F964D7-B73B-4AD2-9168-2C80D451BAC8}.Debug|Any CPU.ActiveCfg = Debug|Any CPU
		{92F964D7-B73B-4AD2-9168-2C80D451BAC8}.Debug|Any CPU.Build.0 = Debug|Any CPU
		{92F964D7-B73B-4AD2-9168-2C80D451BAC8}.Release|Any CPU.ActiveCfg = Release|Any CPU
		{92F964D7-B73B-4AD2-9168-2C80D451BAC8}.Release|Any CPU.Build.0 = Release|Any CPU
	EndGlobalSection
	GlobalSection(SolutionProperties) = preSolution
		HideSolutionNode = FALSE
	EndGlobalSection
	GlobalSection(ExtensibilityGlobals) = postSolution
		SolutionGuid = {50A3258A-A09F-475C-8E4B-3ECBA4D97E53}
	EndGlobalSection
EndGlobal
